
Microsoft Visual Studio Solution File, Format Version 12.00
# Visual Studio Version 17
VisualStudioVersion = 17.10.34928.147
MinimumVisualStudioVersion = 10.0.40219.1
Project("{FAE04EC0-301F-11D3-BF4B-00C04F79EFBC}") = "JwtRoleBasedAuth", "JwtRoleBasedAuth\JwtRoleBasedAuth.csproj", "{F7560C4A-16BA-453B-A3B5-E6C0490AFCF8}"
EndProject
Global
	GlobalSection(SolutionConfigurationPlatforms) = preSolution
		Debug|Any CPU = Debug|Any CPU
		Release|Any CPU = Release|Any CPU
	EndGlobalSection
	GlobalSection(ProjectConfigurationPlatforms) = postSolution
		{F7560C4A-16BA-453B-A3B5-E6C0490AFCF8}.Debug|Any CPU.ActiveCfg = Debug|Any CPU
		{F7560C4A-16BA-453B-A3B5-E6C0490AFCF8}.Debug|Any CPU.Build.0 = Debug|Any CPU
		{F7560C4A-16BA-453B-A3B5-E6C0490AFCF8}.Release|Any CPU.ActiveCfg = Release|Any CPU
		{F7560C4A-16BA-453B-A3B5-E6C0490AFCF8}.Release|Any CPU.Build.0 = Release|Any CPU
	EndGlobalSection
	GlobalSection(SolutionProperties) = preSolution
		HideSolutionNode = FALSE
	EndGlobalSection
	GlobalSection(ExtensibilityGlobals) = postSolution
		SolutionGuid = {AFA1117C-BE43-4978-96F4-D8D2D267E28C}
	EndGlobalSection
EndGlobal
